<?xml version="1.0" encoding="utf-8"?>
<Project ToolsVersion="4.0" xmlns="http://schemas.microsoft.com/developer/msbuild/2003">
  <ItemGroup>
    <Filter Include="Source Files">
      <UniqueIdentifier>{4FC737F1-C7A5-4376-A066-2A32D752A2FF}</UniqueIdentifier>
      <Extensions>cpp;c;cc;cxx;def;odl;idl;hpj;bat;asm;asmx</Extensions>
    </Filter>
    <Filter Include="Header Files">
      <UniqueIdentifier>{93995380-89BD-4b04-88EB-625FBE52EBFB}</UniqueIdentifier>
      <Extensions>h;hh;hpp;hxx;hm;inl;inc;ipp;xsd</Extensions>
    </Filter>
    <Filter Include="Resource Files">
      <UniqueIdentifier>{67DA6AB6-F800-4c08-8B7A-83BB121AAD01}</UniqueIdentifier>
      <Extensions>rc;ico;cur;bmp;dlg;rc2;rct;bin;rgs;gif;jpg;jpeg;jpe;resx;tiff;tif;png;wav;mfcribbon-ms</Extensions>
    </Filter>
    <Filter Include="Header Files\ffi">
      <UniqueIdentifier>{7ea65467-761c-49fd-a150-bdc91f32ec8b}</UniqueIdentifier>
    </Filter>
    <Filter Include="Source Files\ffi">
      <UniqueIdentifier>{e8503874-46e2-4f6b-b6ba-5d83cf676d99}</UniqueIdentifier>
    </Filter>
    <Filter Include="Header Files\httpserver">
      <UniqueIdentifier>{98ce1deb-0a34-4435-ad96-d6627b1bd48d}</UniqueIdentifier>
    </Filter>
    <Filter Include="Source Files\httpserver">
      <UniqueIdentifier>{e9fd39f7-a51e-42d3-ad8e-1b27dd090138}</UniqueIdentifier>
    </Filter>
    <Filter Include="Header Files\ffi\ffirip">
      <UniqueIdentifier>{5388ac34-3a0d-4c4d-be9e-c24ba91c3059}</UniqueIdentifier>
    </Filter>
  </ItemGroup>
  <ItemGroup>
    <ClCompile Include="src/dllmain.cpp">
      <Filter>Source Files</Filter>
    </ClCompile>
    <ClCompile Include="src\ffi\FFIInvoke.cpp">
      <Filter>Source Files\ffi</Filter>
    </ClCompile>
    <ClCompile Include="src\httpserver\HttpServer.cpp">
      <Filter>Source Files\httpserver</Filter>
    </ClCompile>
  </ItemGroup>
  <ItemGroup>
    <ClInclude Include="src\ffi\FFIInvoke.h">
      <Filter>Header Files\ffi</Filter>
    </ClInclude>
    <ClInclude Include="src\httpserver\HttpServer.h">
      <Filter>Header Files\httpserver</Filter>
    </ClInclude>
    <ClInclude Include="src\__generated__\ffi_typedef_struct.h">
      <Filter>Header Files</Filter>
    </ClInclude>
    <ClInclude Include="src\__generated__\ffi_typedef.h">
      <Filter>Header Files</Filter>
    </ClInclude>
    <ClInclude Include="src\__generated__\ffi_funcs.h">
      <Filter>Header Files</Filter>
    </ClInclude>
    <ClInclude Include="src\ffi\ffi_json.h">
      <Filter>Header Files</Filter>
    </ClInclude>
    <ClInclude Include="src\__generated__\gen_ffi_json.h">
      <Filter>Header Files</Filter>
    </ClInclude>
    <ClInclude Include="src\__generated__\gen_http_funs.h">
      <Filter>Header Files</Filter>
    </ClInclude>
  </ItemGroup>
  <ItemGroup>
    <None Include="src\dbghelp.asm">
      <Filter>Source Files</Filter>
    </None>
  </ItemGroup>
</Project>